
Microsoft Visual Studio Solution File, Format Version 12.00
# Visual Studio 15
VisualStudioVersion = 15.0.28307.329
MinimumVisualStudioVersion = 10.0.40219.1
Project("{9A19103F-16F7-4668-BE54-9A1E7A4F7556}") = "MessengerSY", "MessengerSY\MessengerSY.csproj", "{0A6D1FE6-837A-4D75-A998-88A1310FB8E7}"
EndProject
Project("{9A19103F-16F7-4668-BE54-9A1E7A4F7556}") = "MessengerSY.Core", "MessengerSY.Core\MessengerSY.Core.csproj", "{F1BC17A1-DE91-4307-8312-9A63A3B17F2C}"
EndProject
Project("{9A19103F-16F7-4668-BE54-9A1E7A4F7556}") = "MessengerSY.Services", "MessengerSY.Services\MessengerSY.Services.csproj", "{1D045F7F-8B8A-4678-A1C5-038D3757AF7B}"
EndProject
Project("{9A19103F-16F7-4668-BE54-9A1E7A4F7556}") = "MessengerSY.Data", "MessengerSY.Data\MessengerSY.Data.csproj", "{EDEAC663-DAAD-47F2-82CD-82BEB4A0604A}"
EndProject
Project("{FAE04EC0-301F-11D3-BF4B-00C04F79EFBC}") = "MessengerSY.Tests", "MessengerSY.Tests\MessengerSY.Tests.csproj", "{F856C917-ABC2-41EC-99E2-C2992D9B931D}"
EndProject
Global
	GlobalSection(SolutionConfigurationPlatforms) = preSolution
		Debug|Any CPU = Debug|Any CPU
		Release|Any CPU = Release|Any CPU
	EndGlobalSection
	GlobalSection(ProjectConfigurationPlatforms) = postSolution
		{0A6D1FE6-837A-4D75-A998-88A1310FB8E7}.Debug|Any CPU.ActiveCfg = Debug|Any CPU
		{0A6D1FE6-837A-4D75-A998-88A1310FB8E7}.Debug|Any CPU.Build.0 = Debug|Any CPU
		{0A6D1FE6-837A-4D75-A998-88A1310FB8E7}.Release|Any CPU.ActiveCfg = Release|Any CPU
		{0A6D1FE6-837A-4D75-A998-88A1310FB8E7}.Release|Any CPU.Build.0 = Release|Any CPU
		{F1BC17A1-DE91-4307-8312-9A63A3B17F2C}.Debug|Any CPU.ActiveCfg = Debug|Any CPU
		{F1BC17A1-DE91-4307-8312-9A63A3B17F2C}.Debug|Any CPU.Build.0 = Debug|Any CPU
		{F1BC17A1-DE91-4307-8312-9A63A3B17F2C}.Release|Any CPU.ActiveCfg = Release|Any CPU
		{F1BC17A1-DE91-4307-8312-9A63A3B17F2C}.Release|Any CPU.Build.0 = Release|Any CPU
		{1D045F7F-8B8A-4678-A1C5-038D3757AF7B}.Debug|Any CPU.ActiveCfg = Debug|Any CPU
		{1D045F7F-8B8A-4678-A1C5-038D3757AF7B}.Debug|Any CPU.Build.0 = Debug|Any CPU
		{1D045F7F-8B8A-4678-A1C5-038D3757AF7B}.Release|Any CPU.ActiveCfg = Release|Any CPU
		{1D045F7F-8B8A-4678-A1C5-038D3757AF7B}.Release|Any CPU.Build.0 = Release|Any CPU
		{EDEAC663-DAAD-47F2-82CD-82BEB4A0604A}.Debug|Any CPU.ActiveCfg = Debug|Any CPU
		{EDEAC663-DAAD-47F2-82CD-82BEB4A0604A}.Debug|Any CPU.Build.0 = Debug|Any CPU
		{EDEAC663-DAAD-47F2-82CD-82BEB4A0604A}.Release|Any CPU.ActiveCfg = Release|Any CPU
		{EDEAC663-DAAD-47F2-82CD-82BEB4A0604A}.Release|Any CPU.Build.0 = Release|Any CPU
		{F856C917-ABC2-41EC-99E2-C2992D9B931D}.Debug|Any CPU.ActiveCfg = Debug|Any CPU
		{F856C917-ABC2-41EC-99E2-C2992D9B931D}.Debug|Any CPU.Build.0 = Debug|Any CPU
		{F856C917-ABC2-41EC-99E2-C2992D9B931D}.Release|Any CPU.ActiveCfg = Release|Any CPU
		{F856C917-ABC2-41EC-99E2-C2992D9B931D}.Release|Any CPU.Build.0 = Release|Any CPU
	EndGlobalSection
	GlobalSection(SolutionProperties) = preSolution
		HideSolutionNode = FALSE
	EndGlobalSection
	GlobalSection(ExtensibilityGlobals) = postSolution
		SolutionGuid = {2F7FE11D-79AB-4C07-9CEC-3F82F970D9C4}
	EndGlobalSection
EndGlobal
